
Microsoft Visual Studio Solution File, Format Version 12.00
# Visual Studio Version 16
VisualStudioVersion = 16.0.31112.23
MinimumVisualStudioVersion = 10.0.40219.1
Project("{8BC9CEB8-8B4A-11D0-8D11-00A0C91BC942}") = "GMod-SDK", "GMod-SDK\GMod-SDK.vcxproj", "{7E3672B6-C73B-4547-84BE-13CC102FE5C4}"
EndProject
Global
	GlobalSection(SolutionConfigurationPlatforms) = preSolution
		Debug|x64 = Debug|x64
		Debug|x86 = Debug|x86
		Release|x64 = Release|x64
		Release|x86 = Release|x86
	EndGlobalSection
	GlobalSection(ProjectConfigurationPlatforms) = postSolution
		{7E3672B6-C73B-4547-84BE-13CC102FE5C4}.Debug|x64.ActiveCfg = Debug|x64
		{7E3672B6-C73B-4547-84BE-13CC102FE5C4}.Debug|x64.Build.0 = Debug|x64
		{7E3672B6-C73B-4547-84BE-13CC102FE5C4}.Debug|x86.ActiveCfg = Debug|Win32
		{7E3672B6-C73B-4547-84BE-13CC102FE5C4}.Debug|x86.Build.0 = Debug|Win32
		{7E3672B6-C73B-4547-84BE-13CC102FE5C4}.Release|x64.ActiveCfg = Release|x64
		{7E3672B6-C73B-4547-84BE-13CC102FE5C4}.Release|x64.Build.0 = Release|x64
		{7E3672B6-C73B-4547-84BE-13CC102FE5C4}.Release|x86.ActiveCfg = Release|Win32
		{7E3672B6-C73B-4547-84BE-13CC102FE5C4}.Release|x86.Build.0 = Release|Win32
	EndGlobalSection
	GlobalSection(SolutionProperties) = preSolution
		HideSolutionNode = FALSE
	EndGlobalSection
	GlobalSection(ExtensibilityGlobals) = postSolution
		SolutionGuid = {68947B57-D641-44C4-B31B-D283F24B956E}
	EndGlobalSection
EndGlobal
