<?xml version="1.0" encoding="utf-8"?>
<Project ToolsVersion="4.0" xmlns="http://schemas.microsoft.com/developer/msbuild/2003">
  <ItemGroup>
    <Filter Include="Source Files">
      <UniqueIdentifier>{4FC737F1-C7A5-4376-A066-2A32D752A2FF}</UniqueIdentifier>
      <Extensions>cpp;c;cc;cxx;c++;cppm;ixx;def;odl;idl;hpj;bat;asm;asmx</Extensions>
    </Filter>
    <Filter Include="Header Files">
      <UniqueIdentifier>{93995380-89BD-4b04-88EB-625FBE52EBFB}</UniqueIdentifier>
      <Extensions>h;hh;hpp;hxx;h++;hm;inl;inc;ipp;xsd</Extensions>
    </Filter>
    <Filter Include="Resource Files">
      <UniqueIdentifier>{67DA6AB6-F800-4c08-8B7A-83BB121AAD01}</UniqueIdentifier>
      <Extensions>rc;ico;cur;bmp;dlg;rc2;rct;bin;rgs;gif;jpg;jpeg;jpe;resx;tiff;tif;png;wav;mfcribbon-ms</Extensions>
    </Filter>
    <Filter Include="Header Files\tier0">
      <UniqueIdentifier>{a7e918e7-8b3f-4de8-be71-987e49b6caf4}</UniqueIdentifier>
    </Filter>
    <Filter Include="Header Files\mathlib">
      <UniqueIdentifier>{88dc334b-1540-4ec0-a08b-9fea9159fa3a}</UniqueIdentifier>
    </Filter>
    <Filter Include="Header Files\lua_shared">
      <UniqueIdentifier>{f0d36611-f719-472e-8731-947f5c80597d}</UniqueIdentifier>
    </Filter>
    <Filter Include="Header Files\client">
      <UniqueIdentifier>{1cc847c9-a7a6-4462-92fd-973111e8bfab}</UniqueIdentifier>
    </Filter>
    <Filter Include="Header Files\engine">
      <UniqueIdentifier>{d9e36257-81df-4974-a113-dff384872f3e}</UniqueIdentifier>
    </Filter>
    <Filter Include="Header Files\hooks">
      <UniqueIdentifier>{8e365ef1-eb11-4c41-8ea2-bbca9b25623a}</UniqueIdentifier>
    </Filter>
    <Filter Include="Header Files\tier1">
      <UniqueIdentifier>{e68b6144-01e2-4ee4-8eca-ba24d4d8e4be}</UniqueIdentifier>
    </Filter>
    <Filter Include="Header Files\hacks">
      <UniqueIdentifier>{c8ea507a-6d83-466a-b961-2fa37211acd6}</UniqueIdentifier>
    </Filter>
    <Filter Include="Header Files\ImGui">
      <UniqueIdentifier>{93e599b6-7884-4ab8-a20e-7dd42e55044a}</UniqueIdentifier>
    </Filter>
  </ItemGroup>
  <ItemGroup>
    <ClCompile Include="dllmain.cpp">
      <Filter>Source Files</Filter>
    </ClCompile>
    <ClCompile Include="C_BasePlayer.h">
      <Filter>Header Files\client</Filter>
    </ClCompile>
    <ClCompile Include="iclientrenderable.h">
      <Filter>Header Files\engine</Filter>
    </ClCompile>
    <ClCompile Include="vmatrix.h">
      <Filter>Header Files\engine</Filter>
    </ClCompile>
    <ClCompile Include="Memory.h">
      <Filter>Header Files</Filter>
    </ClCompile>
    <ClCompile Include="Memory.cpp">
      <Filter>Header Files</Filter>
    </ClCompile>
    <ClCompile Include="KeyValues.cpp">
      <Filter>Header Files\tier1</Filter>
    </ClCompile>
    <ClCompile Include="ImGui\imgui.cpp">
      <Filter>Header Files\ImGui</Filter>
    </ClCompile>
    <ClCompile Include="ImGui\imgui_demo.cpp">
      <Filter>Header Files\ImGui</Filter>
    </ClCompile>
    <ClCompile Include="ImGui\imgui_draw.cpp">
      <Filter>Header Files\ImGui</Filter>
    </ClCompile>
    <ClCompile Include="ImGui\imgui_impl_dx9.cpp">
      <Filter>Header Files\ImGui</Filter>
    </ClCompile>
    <ClCompile Include="ImGui\imgui_impl_dx11.cpp">
      <Filter>Header Files\ImGui</Filter>
    </ClCompile>
    <ClCompile Include="ImGui\imgui_impl_win32.cpp">
      <Filter>Header Files\ImGui</Filter>
    </ClCompile>
    <ClCompile Include="ImGui\imgui_widgets.cpp">
      <Filter>Header Files\ImGui</Filter>
    </ClCompile>
  </ItemGroup>
  <ItemGroup>
    <ClInclude Include="basetypes.h">
      <Filter>Header Files\tier0</Filter>
    </ClInclude>
    <ClInclude Include="math_pfns.h">
      <Filter>Header Files\mathlib</Filter>
    </ClInclude>
    <ClInclude Include="Interface.h">
      <Filter>Header Files</Filter>
    </ClInclude>
    <ClInclude Include="CLuaShared.h">
      <Filter>Header Files\lua_shared</Filter>
    </ClInclude>
    <ClInclude Include="CLuaInterface.h">
      <Filter>Header Files\lua_shared</Filter>
    </ClInclude>
    <ClInclude Include="CLuaConVars.h">
      <Filter>Header Files\lua_shared</Filter>
    </ClInclude>
    <ClInclude Include="soundinfo.h">
      <Filter>Header Files\tier0</Filter>
    </ClInclude>
    <ClInclude Include="shareddefs.h">
      <Filter>Header Files\tier0</Filter>
    </ClInclude>
    <ClInclude Include="IEngineTrace.h">
      <Filter>Header Files\engine</Filter>
    </ClInclude>
    <ClInclude Include="gametrace.h">
      <Filter>Header Files\engine</Filter>
    </ClInclude>
    <ClInclude Include="trace.h">
      <Filter>Header Files\engine</Filter>
    </ClInclude>
    <ClInclude Include="takedamageinfo.h">
      <Filter>Header Files\engine</Filter>
    </ClInclude>
    <ClInclude Include="imaterial.h">
      <Filter>Header Files\engine</Filter>
    </ClInclude>
    <ClInclude Include="c_basecombatweapon.h">
      <Filter>Header Files\client</Filter>
    </ClInclude>
    <ClInclude Include="usercmd.h">
      <Filter>Header Files\client</Filter>
    </ClInclude>
    <ClInclude Include="CClientEntityList.h">
      <Filter>Header Files\client</Filter>
    </ClInclude>
    <ClInclude Include="C_BaseCombatCharacter.h">
      <Filter>Header Files\client</Filter>
    </ClInclude>
    <ClInclude Include="CHLClient.h">
      <Filter>Header Files\client</Filter>
    </ClInclude>
    <ClInclude Include="ClientModeShared.h">
      <Filter>Header Files\client</Filter>
    </ClInclude>
    <ClInclude Include="CreateMove.h">
      <Filter>Header Files\hooks</Filter>
    </ClInclude>
    <ClInclude Include="globals.h">
      <Filter>Header Files</Filter>
    </ClInclude>
    <ClInclude Include="FrameStageNotify.h">
      <Filter>Header Files\hooks</Filter>
    </ClInclude>
    <ClInclude Include="CViewSetup.h">
      <Filter>Header Files\client</Filter>
    </ClInclude>
    <ClInclude Include="RenderView.h">
      <Filter>Header Files\hooks</Filter>
    </ClInclude>
    <ClInclude Include="CInputSystem.h">
      <Filter>Header Files\client</Filter>
    </ClInclude>
    <ClInclude Include="KeyValues.h">
      <Filter>Header Files\tier1</Filter>
    </ClInclude>
    <ClInclude Include="CModelRender.h">
      <Filter>Header Files\engine</Filter>
    </ClInclude>
    <ClInclude Include="IStudioRender.h">
      <Filter>Header Files\engine</Filter>
    </ClInclude>
    <ClInclude Include="DrawModelExecute.h">
      <Filter>Header Files\hooks</Filter>
    </ClInclude>
    <ClInclude Include="CMaterialSystem.h">
      <Filter>Header Files\engine</Filter>
    </ClInclude>
    <ClInclude Include="CVRenderView.h">
      <Filter>Header Files\engine</Filter>
    </ClInclude>
    <ClInclude Include="CViewRender.h">
      <Filter>Header Files\client</Filter>
    </ClInclude>
    <ClInclude Include="ConVar.h">
      <Filter>Header Files\client</Filter>
    </ClInclude>
    <ClInclude Include="Vector.h">
      <Filter>Header Files\tier0</Filter>
    </ClInclude>
    <ClInclude Include="CEngineClient.h">
      <Filter>Header Files\engine</Filter>
    </ClInclude>
    <ClInclude Include="Color.h">
      <Filter>Header Files\tier0</Filter>
    </ClInclude>
    <ClInclude Include="ConCommand.h">
      <Filter>Header Files\client</Filter>
    </ClInclude>
    <ClInclude Include="Utils.h">
      <Filter>Header Files\hacks</Filter>
    </ClInclude>
    <ClInclude Include="CNetChan.h">
      <Filter>Header Files\engine</Filter>
    </ClInclude>
    <ClInclude Include="Present.h">
      <Filter>Header Files\hooks</Filter>
    </ClInclude>
    <ClInclude Include="ImGui\imconfig.h">
      <Filter>Header Files\ImGui</Filter>
    </ClInclude>
    <ClInclude Include="ImGui\imgui.h">
      <Filter>Header Files\ImGui</Filter>
    </ClInclude>
    <ClInclude Include="ImGui\imgui_impl_dx9.h">
      <Filter>Header Files\ImGui</Filter>
    </ClInclude>
    <ClInclude Include="ImGui\imgui_impl_dx11.h">
      <Filter>Header Files\ImGui</Filter>
    </ClInclude>
    <ClInclude Include="ImGui\imgui_impl_win32.h">
      <Filter>Header Files\ImGui</Filter>
    </ClInclude>
    <ClInclude Include="ImGui\imgui_internal.h">
      <Filter>Header Files\ImGui</Filter>
    </ClInclude>
    <ClInclude Include="ImGui\imstb_rectpack.h">
      <Filter>Header Files\ImGui</Filter>
    </ClInclude>
    <ClInclude Include="ImGui\imstb_textedit.h">
      <Filter>Header Files\ImGui</Filter>
    </ClInclude>
    <ClInclude Include="ImGui\imstb_truetype.h">
      <Filter>Header Files\ImGui</Filter>
    </ClInclude>
    <ClInclude Include="GUI.h">
      <Filter>Header Files\hacks</Filter>
    </ClInclude>
  </ItemGroup>
</Project>