<?xml version="1.0" encoding="utf-8"?>
<Project ToolsVersion="4.0" xmlns="http://schemas.microsoft.com/developer/msbuild/2003">
  <ItemGroup>
    <Filter Include="Source Files">
      <UniqueIdentifier>{4FC737F1-C7A5-4376-A066-2A32D752A2FF}</UniqueIdentifier>
      <Extensions>cpp;c;cc;cxx;c++;cppm;ixx;def;odl;idl;hpj;bat;asm;asmx</Extensions>
    </Filter>
    <Filter Include="Header Files">
      <UniqueIdentifier>{93995380-89BD-4b04-88EB-625FBE52EBFB}</UniqueIdentifier>
      <Extensions>h;hh;hpp;hxx;h++;hm;inl;inc;ipp;xsd</Extensions>
    </Filter>
    <Filter Include="Resource Files">
      <UniqueIdentifier>{67DA6AB6-F800-4c08-8B7A-83BB121AAD01}</UniqueIdentifier>
      <Extensions>rc;ico;cur;bmp;dlg;rc2;rct;bin;rgs;gif;jpg;jpeg;jpe;resx;tiff;tif;png;wav;mfcribbon-ms</Extensions>
    </Filter>
    <Filter Include="Header Files\tier0">
      <UniqueIdentifier>{a7e918e7-8b3f-4de8-be71-987e49b6caf4}</UniqueIdentifier>
    </Filter>
    <Filter Include="Header Files\mathlib">
      <UniqueIdentifier>{88dc334b-1540-4ec0-a08b-9fea9159fa3a}</UniqueIdentifier>
    </Filter>
    <Filter Include="Header Files\lua_shared">
      <UniqueIdentifier>{f0d36611-f719-472e-8731-947f5c80597d}</UniqueIdentifier>
    </Filter>
    <Filter Include="Header Files\client">
      <UniqueIdentifier>{1cc847c9-a7a6-4462-92fd-973111e8bfab}</UniqueIdentifier>
    </Filter>
    <Filter Include="Header Files\engine">
      <UniqueIdentifier>{d9e36257-81df-4974-a113-dff384872f3e}</UniqueIdentifier>
    </Filter>
    <Filter Include="Header Files\hooks">
      <UniqueIdentifier>{8e365ef1-eb11-4c41-8ea2-bbca9b25623a}</UniqueIdentifier>
    </Filter>
    <Filter Include="Header Files\tier1">
      <UniqueIdentifier>{e68b6144-01e2-4ee4-8eca-ba24d4d8e4be}</UniqueIdentifier>
    </Filter>
    <Filter Include="Header Files\hacks">
      <UniqueIdentifier>{c8ea507a-6d83-466a-b961-2fa37211acd6}</UniqueIdentifier>
    </Filter>
    <Filter Include="Header Files\ImGui">
      <UniqueIdentifier>{93e599b6-7884-4ab8-a20e-7dd42e55044a}</UniqueIdentifier>
    </Filter>
    <Filter Include="Header Files\vgui">
      <UniqueIdentifier>{b72d5e43-4c26-4658-a946-9ff378d4bcf5}</UniqueIdentifier>
    </Filter>
    <Filter Include="Header Files\vphysics">
      <UniqueIdentifier>{746d7d7c-38be-4f58-b6d5-631dfd927d84}</UniqueIdentifier>
    </Filter>
    <Filter Include="Header Files\hacks\menu">
      <UniqueIdentifier>{a3a85829-1bf6-43cf-bf0c-2dc309a45bc1}</UniqueIdentifier>
    </Filter>
    <Filter Include="Header Files\vguimatsurface">
      <UniqueIdentifier>{023783a6-9948-4ce1-b43a-17b82976a971}</UniqueIdentifier>
    </Filter>
  </ItemGroup>
  <ItemGroup>
    <ClCompile Include="dllmain.cpp">
      <Filter>Source Files</Filter>
    </ClCompile>
    <ClCompile Include="Memory.h">
      <Filter>Header Files</Filter>
    </ClCompile>
    <ClCompile Include="Memory.cpp">
      <Filter>Header Files</Filter>
    </ClCompile>
    <ClCompile Include="ImGui\imgui.cpp">
      <Filter>Header Files\ImGui</Filter>
    </ClCompile>
    <ClCompile Include="ImGui\imgui_demo.cpp">
      <Filter>Header Files\ImGui</Filter>
    </ClCompile>
    <ClCompile Include="ImGui\imgui_draw.cpp">
      <Filter>Header Files\ImGui</Filter>
    </ClCompile>
    <ClCompile Include="ImGui\imgui_impl_dx9.cpp">
      <Filter>Header Files\ImGui</Filter>
    </ClCompile>
    <ClCompile Include="ImGui\imgui_impl_win32.cpp">
      <Filter>Header Files\ImGui</Filter>
    </ClCompile>
    <ClCompile Include="ImGui\imgui_widgets.cpp">
      <Filter>Header Files\ImGui</Filter>
    </ClCompile>
    <ClCompile Include="vgui/VPanelWrapper.h">
      <Filter>Header Files\vgui</Filter>
    </ClCompile>
    <ClCompile Include="engine/vmatrix.h">
      <Filter>Header Files\engine</Filter>
    </ClCompile>
    <ClCompile Include="tier1/KeyValues.cpp">
      <Filter>Header Files\tier1</Filter>
    </ClCompile>
  </ItemGroup>
  <ItemGroup>
    <ClInclude Include="Interface.h">
      <Filter>Header Files</Filter>
    </ClInclude>
    <ClInclude Include="globals.hpp">
      <Filter>Header Files</Filter>
    </ClInclude>
    <ClInclude Include="ImGui\imconfig.h">
      <Filter>Header Files\ImGui</Filter>
    </ClInclude>
    <ClInclude Include="ImGui\imgui.h">
      <Filter>Header Files\ImGui</Filter>
    </ClInclude>
    <ClInclude Include="ImGui\imgui_impl_dx9.h">
      <Filter>Header Files\ImGui</Filter>
    </ClInclude>
    <ClInclude Include="ImGui\imgui_impl_win32.h">
      <Filter>Header Files\ImGui</Filter>
    </ClInclude>
    <ClInclude Include="ImGui\imgui_internal.h">
      <Filter>Header Files\ImGui</Filter>
    </ClInclude>
    <ClInclude Include="ImGui\imstb_rectpack.h">
      <Filter>Header Files\ImGui</Filter>
    </ClInclude>
    <ClInclude Include="ImGui\imstb_textedit.h">
      <Filter>Header Files\ImGui</Filter>
    </ClInclude>
    <ClInclude Include="ImGui\imstb_truetype.h">
      <Filter>Header Files\ImGui</Filter>
    </ClInclude>
    <ClInclude Include="json.h">
      <Filter>Header Files</Filter>
    </ClInclude>
    <ClInclude Include="CPhysicsSurfaceProps.h">
      <Filter>Header Files\vphysics</Filter>
    </ClInclude>
    <ClInclude Include="hacks\AntiAim.h">
      <Filter>Header Files\hacks</Filter>
    </ClInclude>
    <ClInclude Include="hacks\AutoWall.h">
      <Filter>Header Files\hacks</Filter>
    </ClInclude>
    <ClInclude Include="hacks\ConfigSystem.h">
      <Filter>Header Files\hacks</Filter>
    </ClInclude>
    <ClInclude Include="hacks\ESP.h">
      <Filter>Header Files\hacks</Filter>
    </ClInclude>
    <ClInclude Include="hacks\Executor.h">
      <Filter>Header Files\hacks</Filter>
    </ClInclude>
    <ClInclude Include="hacks\GunHacks.h">
      <Filter>Header Files\hacks</Filter>
    </ClInclude>
    <ClInclude Include="hacks\LegitAim.h">
      <Filter>Header Files\hacks</Filter>
    </ClInclude>
    <ClInclude Include="hacks\Misc.h">
      <Filter>Header Files\hacks</Filter>
    </ClInclude>
    <ClInclude Include="hacks\Triggerbot.h">
      <Filter>Header Files\hacks</Filter>
    </ClInclude>
    <ClInclude Include="hacks\Utils.h">
      <Filter>Header Files\hacks</Filter>
    </ClInclude>
    <ClInclude Include="hacks\menu\drawing.h">
      <Filter>Header Files\hacks\menu</Filter>
    </ClInclude>
    <ClInclude Include="hacks\menu\Fonts.h">
      <Filter>Header Files\hacks\menu</Filter>
    </ClInclude>
    <ClInclude Include="hacks\menu\GUI.h">
      <Filter>Header Files\hacks\menu</Filter>
    </ClInclude>
    <ClInclude Include="hacks\menu\MenuBackground.h">
      <Filter>Header Files\hacks\menu</Filter>
    </ClInclude>
    <ClInclude Include="hacks\menu\MenuControls.h">
      <Filter>Header Files\hacks\menu</Filter>
    </ClInclude>
    <ClInclude Include="hooks\CreateMove.h">
      <Filter>Header Files\hooks</Filter>
    </ClInclude>
    <ClInclude Include="hooks\DrawModelExecute.h">
      <Filter>Header Files\hooks</Filter>
    </ClInclude>
    <ClInclude Include="hooks\FrameStageNotify.h">
      <Filter>Header Files\hooks</Filter>
    </ClInclude>
    <ClInclude Include="hooks\PaintTraverse.h">
      <Filter>Header Files\hooks</Filter>
    </ClInclude>
    <ClInclude Include="hooks\Present.h">
      <Filter>Header Files\hooks</Filter>
    </ClInclude>
    <ClInclude Include="hooks\RenderView.h">
      <Filter>Header Files\hooks</Filter>
    </ClInclude>
    <ClInclude Include="client\c_basecombatweapon.h">
      <Filter>Header Files\client</Filter>
    </ClInclude>
    <ClInclude Include="client\C_BasePlayer.h">
      <Filter>Header Files\client</Filter>
    </ClInclude>
    <ClInclude Include="client\CBaseAnimating.h">
      <Filter>Header Files\client</Filter>
    </ClInclude>
    <ClInclude Include="client\CClientEntityList.h">
      <Filter>Header Files\client</Filter>
    </ClInclude>
    <ClInclude Include="client\CCollisionProperty.h">
      <Filter>Header Files\client</Filter>
    </ClInclude>
    <ClInclude Include="client\CHLClient.h">
      <Filter>Header Files\client</Filter>
    </ClInclude>
    <ClInclude Include="client\CInput.h">
      <Filter>Header Files\client</Filter>
    </ClInclude>
    <ClInclude Include="client\CInputSystem.h">
      <Filter>Header Files\client</Filter>
    </ClInclude>
    <ClInclude Include="client\ClientClass.h">
      <Filter>Header Files\client</Filter>
    </ClInclude>
    <ClInclude Include="client\ClientModeShared.h">
      <Filter>Header Files\client</Filter>
    </ClInclude>
    <ClInclude Include="client\ConCommand.h">
      <Filter>Header Files\client</Filter>
    </ClInclude>
    <ClInclude Include="client\ConVar.h">
      <Filter>Header Files\client</Filter>
    </ClInclude>
    <ClInclude Include="client\CUniformRandomStream.h">
      <Filter>Header Files\client</Filter>
    </ClInclude>
    <ClInclude Include="client\CViewRender.h">
      <Filter>Header Files\client</Filter>
    </ClInclude>
    <ClInclude Include="client\CViewSetup.h">
      <Filter>Header Files\client</Filter>
    </ClInclude>
    <ClInclude Include="client\usercmd.h">
      <Filter>Header Files\client</Filter>
    </ClInclude>
    <ClInclude Include="engine\CEngineClient.h">
      <Filter>Header Files\engine</Filter>
    </ClInclude>
    <ClInclude Include="engine\CGameEventManager.h">
      <Filter>Header Files\engine</Filter>
    </ClInclude>
    <ClInclude Include="engine\CIVDebugOverlay.h">
      <Filter>Header Files\engine</Filter>
    </ClInclude>
    <ClInclude Include="engine\CMaterialSystem.h">
      <Filter>Header Files\engine</Filter>
    </ClInclude>
    <ClInclude Include="engine\CModelInfo.h">
      <Filter>Header Files\engine</Filter>
    </ClInclude>
    <ClInclude Include="engine\CModelRender.h">
      <Filter>Header Files\engine</Filter>
    </ClInclude>
    <ClInclude Include="engine\CVRenderView.h">
      <Filter>Header Files\engine</Filter>
    </ClInclude>
    <ClInclude Include="engine\gametrace.h">
      <Filter>Header Files\engine</Filter>
    </ClInclude>
    <ClInclude Include="engine\iclientrenderable.h">
      <Filter>Header Files\engine</Filter>
    </ClInclude>
    <ClInclude Include="engine\IEngineTrace.h">
      <Filter>Header Files\engine</Filter>
    </ClInclude>
    <ClInclude Include="engine\imaterial.h">
      <Filter>Header Files\engine</Filter>
    </ClInclude>
    <ClInclude Include="engine\IStudioRender.h">
      <Filter>Header Files\engine</Filter>
    </ClInclude>
    <ClInclude Include="engine\takedamageinfo.h">
      <Filter>Header Files\engine</Filter>
    </ClInclude>
    <ClInclude Include="engine\trace.h">
      <Filter>Header Files\engine</Filter>
    </ClInclude>
    <ClInclude Include="lua_shared\CLuaConVars.h">
      <Filter>Header Files\lua_shared</Filter>
    </ClInclude>
    <ClInclude Include="lua_shared\CLuaInterface.h">
      <Filter>Header Files\lua_shared</Filter>
    </ClInclude>
    <ClInclude Include="lua_shared\CLuaShared.h">
      <Filter>Header Files\lua_shared</Filter>
    </ClInclude>
    <ClInclude Include="mathlib\math_pfns.h">
      <Filter>Header Files\mathlib</Filter>
    </ClInclude>
    <ClInclude Include="tier0\basetypes.h">
      <Filter>Header Files\tier0</Filter>
    </ClInclude>
    <ClInclude Include="tier0\shareddefs.h">
      <Filter>Header Files\tier0</Filter>
    </ClInclude>
    <ClInclude Include="tier0\soundinfo.h">
      <Filter>Header Files\tier0</Filter>
    </ClInclude>
    <ClInclude Include="tier0\Vector.h">
      <Filter>Header Files\tier0</Filter>
    </ClInclude>
    <ClInclude Include="tier1\checksum_md5.h">
      <Filter>Header Files\tier1</Filter>
    </ClInclude>
    <ClInclude Include="tier1\KeyValues.h">
      <Filter>Header Files\tier1</Filter>
    </ClInclude>
    <ClInclude Include="tier0/Color.h">
      <Filter>Header Files\tier0</Filter>
    </ClInclude>
    <ClInclude Include="hooks\RunStringEx.h">
      <Filter>Header Files\hooks</Filter>
    </ClInclude>
    <ClInclude Include="hacks\ScriptDumper.h">
      <Filter>Header Files\hacks</Filter>
    </ClInclude>
    <ClInclude Include="hacks\ConVarSpoofing.h">
      <Filter>Header Files\hacks</Filter>
    </ClInclude>
    <ClInclude Include="NetVars.h">
      <Filter>Header Files</Filter>
    </ClInclude>
    <ClInclude Include="tier1\checksum_crc.h">
      <Filter>Header Files\tier1</Filter>
    </ClInclude>
    <ClInclude Include="vguimatsurface\CMatSystemSurface.h">
      <Filter>Header Files\vguimatsurface</Filter>
    </ClInclude>
    <ClInclude Include="vgui\ISurfaceV30.h">
      <Filter>Header Files\vgui</Filter>
    </ClInclude>
    <ClInclude Include="engine\inetmessage.h">
      <Filter>Header Files\engine</Filter>
    </ClInclude>
    <ClInclude Include="tier1\bitbuf.h">
      <Filter>Header Files\tier1</Filter>
    </ClInclude>
    <ClInclude Include="mathlib\mathlib.h">
      <Filter>Header Files\mathlib</Filter>
    </ClInclude>
    <ClInclude Include="tier0\platform.h">
      <Filter>Header Files\tier0</Filter>
    </ClInclude>
    <ClInclude Include="hooks\ProcessGMODServerToClient.h">
      <Filter>Header Files\hooks</Filter>
    </ClInclude>
    <ClInclude Include="hooks\RunCommand.h">
      <Filter>Header Files\hooks</Filter>
    </ClInclude>
    <ClInclude Include="hacks\Prediction.h">
      <Filter>Header Files\hacks</Filter>
    </ClInclude>
    <ClInclude Include="client\IPrediction.h">
      <Filter>Header Files\client</Filter>
    </ClInclude>
    <ClInclude Include="client\IGameMovement.h">
      <Filter>Header Files\client</Filter>
    </ClInclude>
    <ClInclude Include="hooks\Paint.h">
      <Filter>Header Files\hooks</Filter>
    </ClInclude>
    <ClInclude Include="ImGui\imgui-notify\fa_solid_900.h">
      <Filter>Header Files</Filter>
    </ClInclude>
    <ClInclude Include="ImGui\imgui-notify\font_awesome_5.h">
      <Filter>Header Files</Filter>
    </ClInclude>
    <ClInclude Include="ImGui\imgui-notify\imgui_notify.h">
      <Filter>Header Files</Filter>
    </ClInclude>
  </ItemGroup>
</Project>